
Microsoft Visual Studio Solution File, Format Version 12.00
# Visual Studio Version 17
VisualStudioVersion = 17.5.33424.131
MinimumVisualStudioVersion = 10.0.40219.1
Project("{FAE04EC0-301F-11D3-BF4B-00C04F79EFBC}") = "MinimalApp", "MinimalApp.csproj", "{00803452-59C4-467F-B4B3-716D11678F4D}"
EndProject
Global
	GlobalSection(SolutionConfigurationPlatforms) = preSolution
		Debug|Any CPU = Debug|Any CPU
		Release|Any CPU = Release|Any CPU
	EndGlobalSection
	GlobalSection(ProjectConfigurationPlatforms) = postSolution
		{00803452-59C4-467F-B4B3-716D11678F4D}.Debug|Any CPU.ActiveCfg = Debug|Any CPU
		{00803452-59C4-467F-B4B3-716D11678F4D}.Debug|Any CPU.Build.0 = Debug|Any CPU
		{00803452-59C4-467F-B4B3-716D11678F4D}.Release|Any CPU.ActiveCfg = Release|Any CPU
		{00803452-59C4-467F-B4B3-716D11678F4D}.Release|Any CPU.Build.0 = Release|Any CPU
	EndGlobalSection
	GlobalSection(SolutionProperties) = preSolution
		HideSolutionNode = FALSE
	EndGlobalSection
	GlobalSection(ExtensibilityGlobals) = postSolution
		SolutionGuid = {41A47CB1-5DC7-4313-ACCC-E6D9CB4530BA}
	EndGlobalSection
EndGlobal
